
Microsoft Visual Studio Solution File, Format Version 12.00
Project("{FAE04EC0-301F-11D3-BF4B-00C04F79EFBC}") = "profile-api", "profile-api.csproj", "{8D77E951-9C60-4E96-A714-0A44B52B83EC}"
EndProject
Global
	GlobalSection(SolutionConfigurationPlatforms) = preSolution
		Debug|Any CPU = Debug|Any CPU
		Release|Any CPU = Release|Any CPU
	EndGlobalSection
	GlobalSection(ProjectConfigurationPlatforms) = postSolution
		{8D77E951-9C60-4E96-A714-0A44B52B83EC}.Debug|Any CPU.ActiveCfg = Debug|Any CPU
		{8D77E951-9C60-4E96-A714-0A44B52B83EC}.Debug|Any CPU.Build.0 = Debug|Any CPU
		{8D77E951-9C60-4E96-A714-0A44B52B83EC}.Release|Any CPU.ActiveCfg = Release|Any CPU
		{8D77E951-9C60-4E96-A714-0A44B52B83EC}.Release|Any CPU.Build.0 = Release|Any CPU
	EndGlobalSection
EndGlobal
